{
  "name": "ajs-2",
  "version": "1.0.0",
  "lockfileVersion": 3,
  "requires": true,
  "packages": {
    "": {
      "name": "ajs-2",
      "version": "1.0.0",
      "license": "ISC",
      "dependencies": {
        "@petr-firsov/ajs": "^1.0.0"
      }
    },
    "node_modules/@petr-firsov/ajs": {
      "version": "1.0.0",
      "resolved": "https://npm.pkg.github.com/download/@petr-firsov/ajs/1.0.0/c6ed391dd99b5177b8a10b8ff48eeb6977e48156",
      "integrity": "sha512-D7+cBugNoWAw1KN/6dobYrfQQfFmMPGNB58Wf2WCOtk8Ey54PfieAifCsybxQTZUJ0q8BGNOxcyIlmqDCowREA=="
    }
  }
}
